gearno.de/base58 v0.0.0-20221013154836-14e0799f1471 h1:KZmxUfL6vSZiJbuGpmvXAQLyp5EYvybJtqZsdMYYMB0=
gearno.de/base58 v0.0.0-20221013154836-14e0799f1471/go.mod h1:QHJfGoIk3a8LjMTDxX3Dr/i9F6qltu1Ee4yUqwS8WuU=
golang.org/x/crypto v0.21.0 h1:X31++rzVUdKhX5sWmSOFZxx8UW/ldWx55cbf08iNAMA=
golang.org/x/crypto v0.21.0/go.mod h1:0BP7YvVV9gBbVKyeTG0Gyn+gZm94bibOW5BjDEYAOMs=
