gearno.de/base58 v0.0.0-20221013154836-14e0799f1471 h1:KZmxUfL6vSZiJbuGpmvXAQLyp5EYvybJtqZsdMYYMB0=
gearno.de/base58 v0.0.0-20221013154836-14e0799f1471/go.mod h1:QHJfGoIk3a8LjMTDxX3Dr/i9F6qltu1Ee4yUqwS8WuU=
golang.org/x/crypto v0.17.0 h1:r8bRNjWL3GshPW3gkd+RpvzWrZAwPS49OmTGZ/uhM4k=
golang.org/x/crypto v0.17.0/go.mod h1:gCAAfMLgwOJRpTjQ2zCCt2OcSfYMTeZVSRtQlPC7Nq4=
