gearno.de/base58 v0.0.0-20221013154836-14e0799f1471 h1:KZmxUfL6vSZiJbuGpmvXAQLyp5EYvybJtqZsdMYYMB0=
gearno.de/base58 v0.0.0-20221013154836-14e0799f1471/go.mod h1:QHJfGoIk3a8LjMTDxX3Dr/i9F6qltu1Ee4yUqwS8WuU=
golang.org/x/crypto v0.0.0-20220926161630-eccd6366d1be h1:fmw3UbQh+nxngCAHrDCCztao/kbYFnWjoqop8dHx05A=
golang.org/x/crypto v0.0.0-20220926161630-eccd6366d1be/go.mod h1:IxCIyHEi3zRg3s0A5j5BB6A9Jmi73HwBIUl50j+osU4=
